
Microsoft Visual Studio Solution File, Format Version 12.00
# Visual Studio Version 17
VisualStudioVersion = 17.0.32014.148
MinimumVisualStudioVersion = 10.0.40219.1
Project("{FAE04EC0-301F-11D3-BF4B-00C04F79EFBC}") = "CardDatabaseProject", "CardDatabaseProject.csproj", "{7036C25C-572B-4EF6-99E9-EC6DE67E03D5}"
EndProject
Global
	GlobalSection(SolutionConfigurationPlatforms) = preSolution
		Debug|Any CPU = Debug|Any CPU
		Release|Any CPU = Release|Any CPU
	EndGlobalSection
	GlobalSection(ProjectConfigurationPlatforms) = postSolution
		{7036C25C-572B-4EF6-99E9-EC6DE67E03D5}.Debug|Any CPU.ActiveCfg = Debug|Any CPU
		{7036C25C-572B-4EF6-99E9-EC6DE67E03D5}.Debug|Any CPU.Build.0 = Debug|Any CPU
		{7036C25C-572B-4EF6-99E9-EC6DE67E03D5}.Release|Any CPU.ActiveCfg = Release|Any CPU
		{7036C25C-572B-4EF6-99E9-EC6DE67E03D5}.Release|Any CPU.Build.0 = Release|Any CPU
	EndGlobalSection
	GlobalSection(SolutionProperties) = preSolution
		HideSolutionNode = FALSE
	EndGlobalSection
	GlobalSection(ExtensibilityGlobals) = postSolution
		SolutionGuid = {9EC21E33-CEBD-44BE-9101-59DAA6EA57E3}
	EndGlobalSection
EndGlobal
